# This file is automatically @generated by Cargo.
# It is not intended for manual editing.
version = 4

[[package]]
name = "daemon-cli"
version = "0.1.0"

[[package]]
name = "daemon-core"
version = "0.1.0"

[[package]]
name = "daemon-installer"
version = "0.1.0"

[[package]]
name = "daemon-launcher"
version = "0.1.0"

[[package]]
name = "daemon-lock"
version = "0.1.0"

[[package]]
name = "daemon-notify"
version = "0.1.0"

[[package]]
name = "daemon-panel"
version = "0.1.0"

[[package]]
name = "daemon-settings"
version = "0.1.0"

[[package]]
name = "daemon-wm"
version = "0.1.0"
